
Microsoft Visual Studio Solution File, Format Version 12.00
# Visual Studio Version 16
VisualStudioVersion = 16.0.31005.135
MinimumVisualStudioVersion = 10.0.40219.1
Project("{FAE04EC0-301F-11D3-BF4B-00C04F79EFBC}") = "TDDCursusLibrary", "TDDCursusLibrary\TDDCursusLibrary.csproj", "{B633A780-77B2-4382-A65C-A24864DCE13C}"
EndProject
Project("{FAE04EC0-301F-11D3-BF4B-00C04F79EFBC}") = "TDDCursusLibrayTest", "TDDCursusLibrayTest\TDDCursusLibrayTest.csproj", "{EB6B056B-5047-4138-A7A0-994692984BEA}"
EndProject
Global
	GlobalSection(SolutionConfigurationPlatforms) = preSolution
		Debug|Any CPU = Debug|Any CPU
		Release|Any CPU = Release|Any CPU
	EndGlobalSection
	GlobalSection(ProjectConfigurationPlatforms) = postSolution
		{B633A780-77B2-4382-A65C-A24864DCE13C}.Debug|Any CPU.ActiveCfg = Debug|Any CPU
		{B633A780-77B2-4382-A65C-A24864DCE13C}.Debug|Any CPU.Build.0 = Debug|Any CPU
		{B633A780-77B2-4382-A65C-A24864DCE13C}.Release|Any CPU.ActiveCfg = Release|Any CPU
		{B633A780-77B2-4382-A65C-A24864DCE13C}.Release|Any CPU.Build.0 = Release|Any CPU
		{EB6B056B-5047-4138-A7A0-994692984BEA}.Debug|Any CPU.ActiveCfg = Debug|Any CPU
		{EB6B056B-5047-4138-A7A0-994692984BEA}.Debug|Any CPU.Build.0 = Debug|Any CPU
		{EB6B056B-5047-4138-A7A0-994692984BEA}.Release|Any CPU.ActiveCfg = Release|Any CPU
		{EB6B056B-5047-4138-A7A0-994692984BEA}.Release|Any CPU.Build.0 = Release|Any CPU
	EndGlobalSection
	GlobalSection(SolutionProperties) = preSolution
		HideSolutionNode = FALSE
	EndGlobalSection
	GlobalSection(ExtensibilityGlobals) = postSolution
		SolutionGuid = {F9E833B1-402F-4E53-BDFC-D883DE27665F}
	EndGlobalSection
EndGlobal
